
Microsoft Visual Studio Solution File, Format Version 12.00
# Visual Studio Version 17
VisualStudioVersion = 17.12.35521.163
MinimumVisualStudioVersion = 10.0.40219.1
Project("{8BC9CEB8-8B4A-11D0-8D11-00A0C91BC942}") = "01_数组", "01_数组\01_数组.vcxproj", "{86A52F44-E7BC-4396-A117-2C3952CB7CA4}"
EndProject
Project("{8BC9CEB8-8B4A-11D0-8D11-00A0C91BC942}") = "02_链表", "02_链表\02_链表.vcxproj", "{D304CD95-E23C-4680-8BBE-5AF1DF381993}"
EndProject
Project("{8BC9CEB8-8B4A-11D0-8D11-00A0C91BC942}") = "03_单向循环链表", "03_单向循环链表\03_单向循环链表.vcxproj", "{8F88BDEC-CE05-4B00-8EAF-7321BB05A3D6}"
EndProject
Project("{8BC9CEB8-8B4A-11D0-8D11-00A0C91BC942}") = "04_双向链表", "04_双向链表\04_双向链表.vcxproj", "{8F213765-81AB-4AC6-989B-E7E7CF625200}"
EndProject
Project("{8BC9CEB8-8B4A-11D0-8D11-00A0C91BC942}") = "05_双向循环链表", "05_双向循环链表\05_双向循环链表.vcxproj", "{E11C4A81-B814-410C-A18A-AA9B466FB7E4}"
EndProject
Project("{8BC9CEB8-8B4A-11D0-8D11-00A0C91BC942}") = "06_栈", "06_栈\06_栈.vcxproj", "{3114794C-BAFC-4A8B-A1DC-ABC1E263B57C}"
EndProject
Project("{8BC9CEB8-8B4A-11D0-8D11-00A0C91BC942}") = "07_链式栈", "07_链式栈\07_链式栈.vcxproj", "{019A9B0E-4513-49DE-978C-443E4D23F2B3}"
EndProject
Project("{8BC9CEB8-8B4A-11D0-8D11-00A0C91BC942}") = "08_环形队列", "08_环形队列\08_环形队列.vcxproj", "{8B53F735-ACDC-4663-9EC5-CC1BFD63A1B5}"
EndProject
Project("{8BC9CEB8-8B4A-11D0-8D11-00A0C91BC942}") = "09_链式队列", "09_链式队列\09_链式队列.vcxproj", "{C5CA977B-CFC0-4DB3-B245-54FC4441E5A2}"
EndProject
Project("{8BC9CEB8-8B4A-11D0-8D11-00A0C91BC942}") = "10_二分搜索算法", "10_二分搜索算法\10_二分搜索算法.vcxproj", "{85BEF1AB-C978-4884-A3FB-5B13DDC51525}"
EndProject
Project("{8BC9CEB8-8B4A-11D0-8D11-00A0C91BC942}") = "11_基础排序", "11_基础排序\11_基础排序.vcxproj", "{76BAF648-1369-4E0C-8ABE-05BCC870DA13}"
EndProject
Project("{8BC9CEB8-8B4A-11D0-8D11-00A0C91BC942}") = "12_快速排序", "12_快速排序\12_快速排序.vcxproj", "{5B72087B-7DE6-44F5-A91A-5EEAB9A92211}"
EndProject
Project("{8BC9CEB8-8B4A-11D0-8D11-00A0C91BC942}") = "13_归并排序", "13_归并排序\13_归并排序.vcxproj", "{B0C860E7-9E03-4DB6-8F51-A3C86CF9B889}"
EndProject
Project("{8BC9CEB8-8B4A-11D0-8D11-00A0C91BC942}") = "14_二叉堆", "14_二叉堆\14_二叉堆.vcxproj", "{DC33EDA5-2088-4921-9F9B-548EABCB661D}"
EndProject
Project("{8BC9CEB8-8B4A-11D0-8D11-00A0C91BC942}") = "15_堆排序", "15_堆排序\15_堆排序.vcxproj", "{0459850E-9947-4D50-B2D8-CC89D6473249}"
EndProject
Project("{8BC9CEB8-8B4A-11D0-8D11-00A0C91BC942}") = "16_高级排序性能测试", "16_高级排序性能测试\16_高级排序性能测试.vcxproj", "{378CD117-6E69-4132-9605-F5CF209D3FBC}"
EndProject
Project("{8BC9CEB8-8B4A-11D0-8D11-00A0C91BC942}") = "17_基数排序", "17_基数排序\17_基数排序.vcxproj", "{960DDD29-8CB8-4DF9-B59B-94457C3543C7}"
EndProject
Project("{8BC9CEB8-8B4A-11D0-8D11-00A0C91BC942}") = "18_线性探测哈希表", "18_线性探测哈希表\18_线性探测哈希表.vcxproj", "{F4394FF1-95E2-42A2-9DD4-00C62E1911BD}"
EndProject
Project("{8BC9CEB8-8B4A-11D0-8D11-00A0C91BC942}") = "19_链式哈希表", "19_链式哈希表\19_链式哈希表.vcxproj", "{0A2E6D01-C27D-4AEB-BFE7-67E7CDD0E810}"
EndProject
Project("{8BC9CEB8-8B4A-11D0-8D11-00A0C91BC942}") = "20_大数据查重", "20_大数据查重\20_大数据查重.vcxproj", "{BCC43A38-5AE1-4363-BFD2-31EB8D386D0A}"
EndProject
Project("{8BC9CEB8-8B4A-11D0-8D11-00A0C91BC942}") = "21_大数据查重-位图", "21_大数据查重-位图\21_大数据查重-位图.vcxproj", "{5E1D501F-8221-4B0A-A75C-4C08013A6AE6}"
EndProject
Project("{8BC9CEB8-8B4A-11D0-8D11-00A0C91BC942}") = "22_布隆过滤器", "22_布隆过滤器\22_布隆过滤器.vcxproj", "{A78BB0DB-E936-4A90-88AC-F04B36FC62E3}"
EndProject
Project("{8BC9CEB8-8B4A-11D0-8D11-00A0C91BC942}") = "23_大数据top k-大小根堆", "23_大数据top k-大小根堆\23_大数据top k-大小根堆.vcxproj", "{3C4296D4-7DE5-45BD-A93B-6321D5EE1240}"
EndProject
Project("{8BC9CEB8-8B4A-11D0-8D11-00A0C91BC942}") = "24_大数据top k-快排分割", "24_大数据top k-快排分割\24_大数据top k-快排分割.vcxproj", "{B88CF0F9-F3A4-4881-AFEC-82A951C95D89}"
EndProject
Global
	GlobalSection(SolutionConfigurationPlatforms) = preSolution
		Debug|x64 = Debug|x64
		Debug|x86 = Debug|x86
		Release|x64 = Release|x64
		Release|x86 = Release|x86
	EndGlobalSection
	GlobalSection(ProjectConfigurationPlatforms) = postSolution
		{86A52F44-E7BC-4396-A117-2C3952CB7CA4}.Debug|x64.ActiveCfg = Debug|x64
		{86A52F44-E7BC-4396-A117-2C3952CB7CA4}.Debug|x64.Build.0 = Debug|x64
		{86A52F44-E7BC-4396-A117-2C3952CB7CA4}.Debug|x86.ActiveCfg = Debug|Win32
		{86A52F44-E7BC-4396-A117-2C3952CB7CA4}.Debug|x86.Build.0 = Debug|Win32
		{86A52F44-E7BC-4396-A117-2C3952CB7CA4}.Release|x64.ActiveCfg = Release|x64
		{86A52F44-E7BC-4396-A117-2C3952CB7CA4}.Release|x64.Build.0 = Release|x64
		{86A52F44-E7BC-4396-A117-2C3952CB7CA4}.Release|x86.ActiveCfg = Release|Win32
		{86A52F44-E7BC-4396-A117-2C3952CB7CA4}.Release|x86.Build.0 = Release|Win32
		{D304CD95-E23C-4680-8BBE-5AF1DF381993}.Debug|x64.ActiveCfg = Debug|x64
		{D304CD95-E23C-4680-8BBE-5AF1DF381993}.Debug|x64.Build.0 = Debug|x64
		{D304CD95-E23C-4680-8BBE-5AF1DF381993}.Debug|x86.ActiveCfg = Debug|Win32
		{D304CD95-E23C-4680-8BBE-5AF1DF381993}.Debug|x86.Build.0 = Debug|Win32
		{D304CD95-E23C-4680-8BBE-5AF1DF381993}.Release|x64.ActiveCfg = Release|x64
		{D304CD95-E23C-4680-8BBE-5AF1DF381993}.Release|x64.Build.0 = Release|x64
		{D304CD95-E23C-4680-8BBE-5AF1DF381993}.Release|x86.ActiveCfg = Release|Win32
		{D304CD95-E23C-4680-8BBE-5AF1DF381993}.Release|x86.Build.0 = Release|Win32
		{8F88BDEC-CE05-4B00-8EAF-7321BB05A3D6}.Debug|x64.ActiveCfg = Debug|x64
		{8F88BDEC-CE05-4B00-8EAF-7321BB05A3D6}.Debug|x64.Build.0 = Debug|x64
		{8F88BDEC-CE05-4B00-8EAF-7321BB05A3D6}.Debug|x86.ActiveCfg = Debug|Win32
		{8F88BDEC-CE05-4B00-8EAF-7321BB05A3D6}.Debug|x86.Build.0 = Debug|Win32
		{8F88BDEC-CE05-4B00-8EAF-7321BB05A3D6}.Release|x64.ActiveCfg = Release|x64
		{8F88BDEC-CE05-4B00-8EAF-7321BB05A3D6}.Release|x64.Build.0 = Release|x64
		{8F88BDEC-CE05-4B00-8EAF-7321BB05A3D6}.Release|x86.ActiveCfg = Release|Win32
		{8F88BDEC-CE05-4B00-8EAF-7321BB05A3D6}.Release|x86.Build.0 = Release|Win32
		{8F213765-81AB-4AC6-989B-E7E7CF625200}.Debug|x64.ActiveCfg = Debug|x64
		{8F213765-81AB-4AC6-989B-E7E7CF625200}.Debug|x64.Build.0 = Debug|x64
		{8F213765-81AB-4AC6-989B-E7E7CF625200}.Debug|x86.ActiveCfg = Debug|Win32
		{8F213765-81AB-4AC6-989B-E7E7CF625200}.Debug|x86.Build.0 = Debug|Win32
		{8F213765-81AB-4AC6-989B-E7E7CF625200}.Release|x64.ActiveCfg = Release|x64
		{8F213765-81AB-4AC6-989B-E7E7CF625200}.Release|x64.Build.0 = Release|x64
		{8F213765-81AB-4AC6-989B-E7E7CF625200}.Release|x86.ActiveCfg = Release|Win32
		{8F213765-81AB-4AC6-989B-E7E7CF625200}.Release|x86.Build.0 = Release|Win32
		{E11C4A81-B814-410C-A18A-AA9B466FB7E4}.Debug|x64.ActiveCfg = Debug|x64
		{E11C4A81-B814-410C-A18A-AA9B466FB7E4}.Debug|x64.Build.0 = Debug|x64
		{E11C4A81-B814-410C-A18A-AA9B466FB7E4}.Debug|x86.ActiveCfg = Debug|Win32
		{E11C4A81-B814-410C-A18A-AA9B466FB7E4}.Debug|x86.Build.0 = Debug|Win32
		{E11C4A81-B814-410C-A18A-AA9B466FB7E4}.Release|x64.ActiveCfg = Release|x64
		{E11C4A81-B814-410C-A18A-AA9B466FB7E4}.Release|x64.Build.0 = Release|x64
		{E11C4A81-B814-410C-A18A-AA9B466FB7E4}.Release|x86.ActiveCfg = Release|Win32
		{E11C4A81-B814-410C-A18A-AA9B466FB7E4}.Release|x86.Build.0 = Release|Win32
		{3114794C-BAFC-4A8B-A1DC-ABC1E263B57C}.Debug|x64.ActiveCfg = Debug|x64
		{3114794C-BAFC-4A8B-A1DC-ABC1E263B57C}.Debug|x64.Build.0 = Debug|x64
		{3114794C-BAFC-4A8B-A1DC-ABC1E263B57C}.Debug|x86.ActiveCfg = Debug|Win32
		{3114794C-BAFC-4A8B-A1DC-ABC1E263B57C}.Debug|x86.Build.0 = Debug|Win32
		{3114794C-BAFC-4A8B-A1DC-ABC1E263B57C}.Release|x64.ActiveCfg = Release|x64
		{3114794C-BAFC-4A8B-A1DC-ABC1E263B57C}.Release|x64.Build.0 = Release|x64
		{3114794C-BAFC-4A8B-A1DC-ABC1E263B57C}.Release|x86.ActiveCfg = Release|Win32
		{3114794C-BAFC-4A8B-A1DC-ABC1E263B57C}.Release|x86.Build.0 = Release|Win32
		{019A9B0E-4513-49DE-978C-443E4D23F2B3}.Debug|x64.ActiveCfg = Debug|x64
		{019A9B0E-4513-49DE-978C-443E4D23F2B3}.Debug|x64.Build.0 = Debug|x64
		{019A9B0E-4513-49DE-978C-443E4D23F2B3}.Debug|x86.ActiveCfg = Debug|Win32
		{019A9B0E-4513-49DE-978C-443E4D23F2B3}.Debug|x86.Build.0 = Debug|Win32
		{019A9B0E-4513-49DE-978C-443E4D23F2B3}.Release|x64.ActiveCfg = Release|x64
		{019A9B0E-4513-49DE-978C-443E4D23F2B3}.Release|x64.Build.0 = Release|x64
		{019A9B0E-4513-49DE-978C-443E4D23F2B3}.Release|x86.ActiveCfg = Release|Win32
		{019A9B0E-4513-49DE-978C-443E4D23F2B3}.Release|x86.Build.0 = Release|Win32
		{8B53F735-ACDC-4663-9EC5-CC1BFD63A1B5}.Debug|x64.ActiveCfg = Debug|x64
		{8B53F735-ACDC-4663-9EC5-CC1BFD63A1B5}.Debug|x64.Build.0 = Debug|x64
		{8B53F735-ACDC-4663-9EC5-CC1BFD63A1B5}.Debug|x86.ActiveCfg = Debug|Win32
		{8B53F735-ACDC-4663-9EC5-CC1BFD63A1B5}.Debug|x86.Build.0 = Debug|Win32
		{8B53F735-ACDC-4663-9EC5-CC1BFD63A1B5}.Release|x64.ActiveCfg = Release|x64
		{8B53F735-ACDC-4663-9EC5-CC1BFD63A1B5}.Release|x64.Build.0 = Release|x64
		{8B53F735-ACDC-4663-9EC5-CC1BFD63A1B5}.Release|x86.ActiveCfg = Release|Win32
		{8B53F735-ACDC-4663-9EC5-CC1BFD63A1B5}.Release|x86.Build.0 = Release|Win32
		{C5CA977B-CFC0-4DB3-B245-54FC4441E5A2}.Debug|x64.ActiveCfg = Debug|x64
		{C5CA977B-CFC0-4DB3-B245-54FC4441E5A2}.Debug|x64.Build.0 = Debug|x64
		{C5CA977B-CFC0-4DB3-B245-54FC4441E5A2}.Debug|x86.ActiveCfg = Debug|Win32
		{C5CA977B-CFC0-4DB3-B245-54FC4441E5A2}.Debug|x86.Build.0 = Debug|Win32
		{C5CA977B-CFC0-4DB3-B245-54FC4441E5A2}.Release|x64.ActiveCfg = Release|x64
		{C5CA977B-CFC0-4DB3-B245-54FC4441E5A2}.Release|x64.Build.0 = Release|x64
		{C5CA977B-CFC0-4DB3-B245-54FC4441E5A2}.Release|x86.ActiveCfg = Release|Win32
		{C5CA977B-CFC0-4DB3-B245-54FC4441E5A2}.Release|x86.Build.0 = Release|Win32
		{85BEF1AB-C978-4884-A3FB-5B13DDC51525}.Debug|x64.ActiveCfg = Debug|x64
		{85BEF1AB-C978-4884-A3FB-5B13DDC51525}.Debug|x64.Build.0 = Debug|x64
		{85BEF1AB-C978-4884-A3FB-5B13DDC51525}.Debug|x86.ActiveCfg = Debug|Win32
		{85BEF1AB-C978-4884-A3FB-5B13DDC51525}.Debug|x86.Build.0 = Debug|Win32
		{85BEF1AB-C978-4884-A3FB-5B13DDC51525}.Release|x64.ActiveCfg = Release|x64
		{85BEF1AB-C978-4884-A3FB-5B13DDC51525}.Release|x64.Build.0 = Release|x64
		{85BEF1AB-C978-4884-A3FB-5B13DDC51525}.Release|x86.ActiveCfg = Release|Win32
		{85BEF1AB-C978-4884-A3FB-5B13DDC51525}.Release|x86.Build.0 = Release|Win32
		{76BAF648-1369-4E0C-8ABE-05BCC870DA13}.Debug|x64.ActiveCfg = Debug|x64
		{76BAF648-1369-4E0C-8ABE-05BCC870DA13}.Debug|x64.Build.0 = Debug|x64
		{76BAF648-1369-4E0C-8ABE-05BCC870DA13}.Debug|x86.ActiveCfg = Debug|Win32
		{76BAF648-1369-4E0C-8ABE-05BCC870DA13}.Debug|x86.Build.0 = Debug|Win32
		{76BAF648-1369-4E0C-8ABE-05BCC870DA13}.Release|x64.ActiveCfg = Release|x64
		{76BAF648-1369-4E0C-8ABE-05BCC870DA13}.Release|x64.Build.0 = Release|x64
		{76BAF648-1369-4E0C-8ABE-05BCC870DA13}.Release|x86.ActiveCfg = Release|Win32
		{76BAF648-1369-4E0C-8ABE-05BCC870DA13}.Release|x86.Build.0 = Release|Win32
		{5B72087B-7DE6-44F5-A91A-5EEAB9A92211}.Debug|x64.ActiveCfg = Debug|x64
		{5B72087B-7DE6-44F5-A91A-5EEAB9A92211}.Debug|x64.Build.0 = Debug|x64
		{5B72087B-7DE6-44F5-A91A-5EEAB9A92211}.Debug|x86.ActiveCfg = Debug|Win32
		{5B72087B-7DE6-44F5-A91A-5EEAB9A92211}.Debug|x86.Build.0 = Debug|Win32
		{5B72087B-7DE6-44F5-A91A-5EEAB9A92211}.Release|x64.ActiveCfg = Release|x64
		{5B72087B-7DE6-44F5-A91A-5EEAB9A92211}.Release|x64.Build.0 = Release|x64
		{5B72087B-7DE6-44F5-A91A-5EEAB9A92211}.Release|x86.ActiveCfg = Release|Win32
		{5B72087B-7DE6-44F5-A91A-5EEAB9A92211}.Release|x86.Build.0 = Release|Win32
		{B0C860E7-9E03-4DB6-8F51-A3C86CF9B889}.Debug|x64.ActiveCfg = Debug|x64
		{B0C860E7-9E03-4DB6-8F51-A3C86CF9B889}.Debug|x64.Build.0 = Debug|x64
		{B0C860E7-9E03-4DB6-8F51-A3C86CF9B889}.Debug|x86.ActiveCfg = Debug|Win32
		{B0C860E7-9E03-4DB6-8F51-A3C86CF9B889}.Debug|x86.Build.0 = Debug|Win32
		{B0C860E7-9E03-4DB6-8F51-A3C86CF9B889}.Release|x64.ActiveCfg = Release|x64
		{B0C860E7-9E03-4DB6-8F51-A3C86CF9B889}.Release|x64.Build.0 = Release|x64
		{B0C860E7-9E03-4DB6-8F51-A3C86CF9B889}.Release|x86.ActiveCfg = Release|Win32
		{B0C860E7-9E03-4DB6-8F51-A3C86CF9B889}.Release|x86.Build.0 = Release|Win32
		{DC33EDA5-2088-4921-9F9B-548EABCB661D}.Debug|x64.ActiveCfg = Debug|x64
		{DC33EDA5-2088-4921-9F9B-548EABCB661D}.Debug|x64.Build.0 = Debug|x64
		{DC33EDA5-2088-4921-9F9B-548EABCB661D}.Debug|x86.ActiveCfg = Debug|Win32
		{DC33EDA5-2088-4921-9F9B-548EABCB661D}.Debug|x86.Build.0 = Debug|Win32
		{DC33EDA5-2088-4921-9F9B-548EABCB661D}.Release|x64.ActiveCfg = Release|x64
		{DC33EDA5-2088-4921-9F9B-548EABCB661D}.Release|x64.Build.0 = Release|x64
		{DC33EDA5-2088-4921-9F9B-548EABCB661D}.Release|x86.ActiveCfg = Release|Win32
		{DC33EDA5-2088-4921-9F9B-548EABCB661D}.Release|x86.Build.0 = Release|Win32
		{0459850E-9947-4D50-B2D8-CC89D6473249}.Debug|x64.ActiveCfg = Debug|x64
		{0459850E-9947-4D50-B2D8-CC89D6473249}.Debug|x64.Build.0 = Debug|x64
		{0459850E-9947-4D50-B2D8-CC89D6473249}.Debug|x86.ActiveCfg = Debug|Win32
		{0459850E-9947-4D50-B2D8-CC89D6473249}.Debug|x86.Build.0 = Debug|Win32
		{0459850E-9947-4D50-B2D8-CC89D6473249}.Release|x64.ActiveCfg = Release|x64
		{0459850E-9947-4D50-B2D8-CC89D6473249}.Release|x64.Build.0 = Release|x64
		{0459850E-9947-4D50-B2D8-CC89D6473249}.Release|x86.ActiveCfg = Release|Win32
		{0459850E-9947-4D50-B2D8-CC89D6473249}.Release|x86.Build.0 = Release|Win32
		{378CD117-6E69-4132-9605-F5CF209D3FBC}.Debug|x64.ActiveCfg = Debug|x64
		{378CD117-6E69-4132-9605-F5CF209D3FBC}.Debug|x64.Build.0 = Debug|x64
		{378CD117-6E69-4132-9605-F5CF209D3FBC}.Debug|x86.ActiveCfg = Debug|Win32
		{378CD117-6E69-4132-9605-F5CF209D3FBC}.Debug|x86.Build.0 = Debug|Win32
		{378CD117-6E69-4132-9605-F5CF209D3FBC}.Release|x64.ActiveCfg = Release|x64
		{378CD117-6E69-4132-9605-F5CF209D3FBC}.Release|x64.Build.0 = Release|x64
		{378CD117-6E69-4132-9605-F5CF209D3FBC}.Release|x86.ActiveCfg = Release|Win32
		{378CD117-6E69-4132-9605-F5CF209D3FBC}.Release|x86.Build.0 = Release|Win32
		{960DDD29-8CB8-4DF9-B59B-94457C3543C7}.Debug|x64.ActiveCfg = Debug|x64
		{960DDD29-8CB8-4DF9-B59B-94457C3543C7}.Debug|x64.Build.0 = Debug|x64
		{960DDD29-8CB8-4DF9-B59B-94457C3543C7}.Debug|x86.ActiveCfg = Debug|Win32
		{960DDD29-8CB8-4DF9-B59B-94457C3543C7}.Debug|x86.Build.0 = Debug|Win32
		{960DDD29-8CB8-4DF9-B59B-94457C3543C7}.Release|x64.ActiveCfg = Release|x64
		{960DDD29-8CB8-4DF9-B59B-94457C3543C7}.Release|x64.Build.0 = Release|x64
		{960DDD29-8CB8-4DF9-B59B-94457C3543C7}.Release|x86.ActiveCfg = Release|Win32
		{960DDD29-8CB8-4DF9-B59B-94457C3543C7}.Release|x86.Build.0 = Release|Win32
		{F4394FF1-95E2-42A2-9DD4-00C62E1911BD}.Debug|x64.ActiveCfg = Debug|x64
		{F4394FF1-95E2-42A2-9DD4-00C62E1911BD}.Debug|x64.Build.0 = Debug|x64
		{F4394FF1-95E2-42A2-9DD4-00C62E1911BD}.Debug|x86.ActiveCfg = Debug|Win32
		{F4394FF1-95E2-42A2-9DD4-00C62E1911BD}.Debug|x86.Build.0 = Debug|Win32
		{F4394FF1-95E2-42A2-9DD4-00C62E1911BD}.Release|x64.ActiveCfg = Release|x64
		{F4394FF1-95E2-42A2-9DD4-00C62E1911BD}.Release|x64.Build.0 = Release|x64
		{F4394FF1-95E2-42A2-9DD4-00C62E1911BD}.Release|x86.ActiveCfg = Release|Win32
		{F4394FF1-95E2-42A2-9DD4-00C62E1911BD}.Release|x86.Build.0 = Release|Win32
		{0A2E6D01-C27D-4AEB-BFE7-67E7CDD0E810}.Debug|x64.ActiveCfg = Debug|x64
		{0A2E6D01-C27D-4AEB-BFE7-67E7CDD0E810}.Debug|x64.Build.0 = Debug|x64
		{0A2E6D01-C27D-4AEB-BFE7-67E7CDD0E810}.Debug|x86.ActiveCfg = Debug|Win32
		{0A2E6D01-C27D-4AEB-BFE7-67E7CDD0E810}.Debug|x86.Build.0 = Debug|Win32
		{0A2E6D01-C27D-4AEB-BFE7-67E7CDD0E810}.Release|x64.ActiveCfg = Release|x64
		{0A2E6D01-C27D-4AEB-BFE7-67E7CDD0E810}.Release|x64.Build.0 = Release|x64
		{0A2E6D01-C27D-4AEB-BFE7-67E7CDD0E810}.Release|x86.ActiveCfg = Release|Win32
		{0A2E6D01-C27D-4AEB-BFE7-67E7CDD0E810}.Release|x86.Build.0 = Release|Win32
		{BCC43A38-5AE1-4363-BFD2-31EB8D386D0A}.Debug|x64.ActiveCfg = Debug|x64
		{BCC43A38-5AE1-4363-BFD2-31EB8D386D0A}.Debug|x64.Build.0 = Debug|x64
		{BCC43A38-5AE1-4363-BFD2-31EB8D386D0A}.Debug|x86.ActiveCfg = Debug|Win32
		{BCC43A38-5AE1-4363-BFD2-31EB8D386D0A}.Debug|x86.Build.0 = Debug|Win32
		{BCC43A38-5AE1-4363-BFD2-31EB8D386D0A}.Release|x64.ActiveCfg = Release|x64
		{BCC43A38-5AE1-4363-BFD2-31EB8D386D0A}.Release|x64.Build.0 = Release|x64
		{BCC43A38-5AE1-4363-BFD2-31EB8D386D0A}.Release|x86.ActiveCfg = Release|Win32
		{BCC43A38-5AE1-4363-BFD2-31EB8D386D0A}.Release|x86.Build.0 = Release|Win32
		{5E1D501F-8221-4B0A-A75C-4C08013A6AE6}.Debug|x64.ActiveCfg = Debug|x64
		{5E1D501F-8221-4B0A-A75C-4C08013A6AE6}.Debug|x64.Build.0 = Debug|x64
		{5E1D501F-8221-4B0A-A75C-4C08013A6AE6}.Debug|x86.ActiveCfg = Debug|Win32
		{5E1D501F-8221-4B0A-A75C-4C08013A6AE6}.Debug|x86.Build.0 = Debug|Win32
		{5E1D501F-8221-4B0A-A75C-4C08013A6AE6}.Release|x64.ActiveCfg = Release|x64
		{5E1D501F-8221-4B0A-A75C-4C08013A6AE6}.Release|x64.Build.0 = Release|x64
		{5E1D501F-8221-4B0A-A75C-4C08013A6AE6}.Release|x86.ActiveCfg = Release|Win32
		{5E1D501F-8221-4B0A-A75C-4C08013A6AE6}.Release|x86.Build.0 = Release|Win32
		{A78BB0DB-E936-4A90-88AC-F04B36FC62E3}.Debug|x64.ActiveCfg = Debug|x64
		{A78BB0DB-E936-4A90-88AC-F04B36FC62E3}.Debug|x64.Build.0 = Debug|x64
		{A78BB0DB-E936-4A90-88AC-F04B36FC62E3}.Debug|x86.ActiveCfg = Debug|Win32
		{A78BB0DB-E936-4A90-88AC-F04B36FC62E3}.Debug|x86.Build.0 = Debug|Win32
		{A78BB0DB-E936-4A90-88AC-F04B36FC62E3}.Release|x64.ActiveCfg = Release|x64
		{A78BB0DB-E936-4A90-88AC-F04B36FC62E3}.Release|x64.Build.0 = Release|x64
		{A78BB0DB-E936-4A90-88AC-F04B36FC62E3}.Release|x86.ActiveCfg = Release|Win32
		{A78BB0DB-E936-4A90-88AC-F04B36FC62E3}.Release|x86.Build.0 = Release|Win32
		{3C4296D4-7DE5-45BD-A93B-6321D5EE1240}.Debug|x64.ActiveCfg = Debug|x64
		{3C4296D4-7DE5-45BD-A93B-6321D5EE1240}.Debug|x64.Build.0 = Debug|x64
		{3C4296D4-7DE5-45BD-A93B-6321D5EE1240}.Debug|x86.ActiveCfg = Debug|Win32
		{3C4296D4-7DE5-45BD-A93B-6321D5EE1240}.Debug|x86.Build.0 = Debug|Win32
		{3C4296D4-7DE5-45BD-A93B-6321D5EE1240}.Release|x64.ActiveCfg = Release|x64
		{3C4296D4-7DE5-45BD-A93B-6321D5EE1240}.Release|x64.Build.0 = Release|x64
		{3C4296D4-7DE5-45BD-A93B-6321D5EE1240}.Release|x86.ActiveCfg = Release|Win32
		{3C4296D4-7DE5-45BD-A93B-6321D5EE1240}.Release|x86.Build.0 = Release|Win32
		{B88CF0F9-F3A4-4881-AFEC-82A951C95D89}.Debug|x64.ActiveCfg = Debug|x64
		{B88CF0F9-F3A4-4881-AFEC-82A951C95D89}.Debug|x64.Build.0 = Debug|x64
		{B88CF0F9-F3A4-4881-AFEC-82A951C95D89}.Debug|x86.ActiveCfg = Debug|Win32
		{B88CF0F9-F3A4-4881-AFEC-82A951C95D89}.Debug|x86.Build.0 = Debug|Win32
		{B88CF0F9-F3A4-4881-AFEC-82A951C95D89}.Release|x64.ActiveCfg = Release|x64
		{B88CF0F9-F3A4-4881-AFEC-82A951C95D89}.Release|x64.Build.0 = Release|x64
		{B88CF0F9-F3A4-4881-AFEC-82A951C95D89}.Release|x86.ActiveCfg = Release|Win32
		{B88CF0F9-F3A4-4881-AFEC-82A951C95D89}.Release|x86.Build.0 = Release|Win32
	EndGlobalSection
	GlobalSection(SolutionProperties) = preSolution
		HideSolutionNode = FALSE
	EndGlobalSection
	GlobalSection(ExtensibilityGlobals) = postSolution
		SolutionGuid = {509EF83D-A62F-48A6-8A21-3795D8528667}
	EndGlobalSection
EndGlobal
